# This file is automatically @generated by Cargo.
# It is not intended for manual editing.
version = 4

[[package]]
name = "arrayvec"
version = "0.7.6"
source = "registry+https://github.com/rust-lang/crates.io-index"
checksum = "7c02d123df017efcdfbd739ef81735b36c5ba83ec3c59c80a9d7ecc718f92e50"

[[package]]
name = "bitcoin_hashes"
version = "0.14.0"
source = "registry+https://github.com/rust-lang/crates.io-index"
checksum = "bb18c03d0db0247e147a21a6faafd5a7eb851c743db062de72018b6b7e8e4d16"
dependencies = [
 "hex-conservative",
]

[[package]]
name = "cc"
version = "1.2.25"
source = "registry+https://github.com/rust-lang/crates.io-index"
checksum = "d0fc897dc1e865cc67c0e05a836d9d3f1df3cbe442aa4a9473b18e12624a4951"
dependencies = [
 "shlex",
]

[[package]]
name = "hex-conservative"
version = "0.2.1"
source = "registry+https://github.com/rust-lang/crates.io-index"
checksum = "5313b072ce3c597065a808dbf612c4c8e8590bdbf8b579508bf7a762c5eae6cd"
dependencies = [
 "arrayvec",
]

[[package]]
name = "op-rand"
version = "0.1.0"

[[package]]
name = "op-rand-prover"
version = "0.1.0"
dependencies = [
 "secp256k1",
]

[[package]]
name = "rand"
version = "0.9.1"
source = "registry+https://github.com/rust-lang/crates.io-index"
checksum = "9fbfd9d094a40bf3ae768db9361049ace4c0e04a4fd6b359518bd7b73a73dd97"
dependencies = [
 "rand_core",
]

[[package]]
name = "rand_core"
version = "0.9.3"
source = "registry+https://github.com/rust-lang/crates.io-index"
checksum = "99d9a13982dcf210057a8a78572b2217b667c3beacbf3a0d8b454f6f82837d38"

[[package]]
name = "secp256k1"
version = "0.31.0"
source = "registry+https://github.com/rust-lang/crates.io-index"
checksum = "6a3dff2d01c9aa65c3186a45ff846bfea52cbe6de3b6320ed2a358d90dad0d76"
dependencies = [
 "bitcoin_hashes",
 "rand",
 "secp256k1-sys",
]

[[package]]
name = "secp256k1-sys"
version = "0.11.0"
source = "registry+https://github.com/rust-lang/crates.io-index"
checksum = "dcb913707158fadaf0d8702c2db0e857de66eb003ccfdda5924b5f5ac98efb38"
dependencies = [
 "cc",
]

[[package]]
name = "shlex"
version = "1.3.0"
source = "registry+https://github.com/rust-lang/crates.io-index"
checksum = "0fda2ff0d084019ba4d7c6f371c95d8fd75ce3524c3cb8fb653a3023f6323e64"
